
Microsoft Visual Studio Solution File, Format Version 12.00
Project("{FAE04EC0-301F-11D3-BF4B-00C04F79EFBC}") = "taller-test", "taller-test\taller-test.csproj", "{FDDC01E7-72B2-4E52-907C-08660E298D19}"
EndProject
Project("{FAE04EC0-301F-11D3-BF4B-00C04F79EFBC}") = "TestProject", "TestProject\TestProject.csproj", "{08740722-9209-48CF-9CE4-8943D54C2059}"
EndProject
Global
	GlobalSection(SolutionConfigurationPlatforms) = preSolution
		Debug|Any CPU = Debug|Any CPU
		Release|Any CPU = Release|Any CPU
	EndGlobalSection
	GlobalSection(ProjectConfigurationPlatforms) = postSolution
		{FDDC01E7-72B2-4E52-907C-08660E298D19}.Debug|Any CPU.ActiveCfg = Debug|Any CPU
		{FDDC01E7-72B2-4E52-907C-08660E298D19}.Debug|Any CPU.Build.0 = Debug|Any CPU
		{FDDC01E7-72B2-4E52-907C-08660E298D19}.Release|Any CPU.ActiveCfg = Release|Any CPU
		{FDDC01E7-72B2-4E52-907C-08660E298D19}.Release|Any CPU.Build.0 = Release|Any CPU
		{08740722-9209-48CF-9CE4-8943D54C2059}.Debug|Any CPU.ActiveCfg = Debug|Any CPU
		{08740722-9209-48CF-9CE4-8943D54C2059}.Debug|Any CPU.Build.0 = Debug|Any CPU
		{08740722-9209-48CF-9CE4-8943D54C2059}.Release|Any CPU.ActiveCfg = Release|Any CPU
		{08740722-9209-48CF-9CE4-8943D54C2059}.Release|Any CPU.Build.0 = Release|Any CPU
	EndGlobalSection
EndGlobal
